
Microsoft Visual Studio Solution File, Format Version 12.00
# Visual Studio Version 17
VisualStudioVersion = 17.0.31903.59
MinimumVisualStudioVersion = 10.0.40219.1
Project("{2150E333-8FDC-42A3-9474-1A3956D46DE8}") = "src", "src", "{827E0CD3-B72D-47B6-A68D-7590B98EB39B}"
EndProject
Project("{FAE04EC0-301F-11D3-BF4B-00C04F79EFBC}") = "PersonalFinance.Domain", "src\PersonalFinance.Domain\PersonalFinance.Domain.csproj", "{A2AF1604-B478-441F-AF74-5546E2F1A05F}"
EndProject
Project("{FAE04EC0-301F-11D3-BF4B-00C04F79EFBC}") = "PersonalFinance.Application", "src\PersonalFinance.Application\PersonalFinance.Application.csproj", "{2267B8D7-FBC9-42F7-9D49-CAB936C8F47C}"
EndProject
Project("{FAE04EC0-301F-11D3-BF4B-00C04F79EFBC}") = "PersonalFinance.Infrastructure", "src\PersonalFinance.Infrastructure\PersonalFinance.Infrastructure.csproj", "{5C9BD07D-69F3-4EF1-B6EF-330CD70060B0}"
EndProject
Project("{FAE04EC0-301F-11D3-BF4B-00C04F79EFBC}") = "PersonalFinance.API", "src\PersonalFinance.API\PersonalFinance.API.csproj", "{6B892023-2B7D-4C96-AD95-68440DA95B47}"
EndProject
Project("{FAE04EC0-301F-11D3-BF4B-00C04F79EFBC}") = "PersonalFinance.DatabaseMigration", "src\PersonalFinance.DatabaseMigration\PersonalFinance.DatabaseMigration.csproj", "{8F54DCEF-C062-46EE-9DD7-BC2CAB0752F3}"
EndProject
Global
	GlobalSection(SolutionConfigurationPlatforms) = preSolution
		Debug|Any CPU = Debug|Any CPU
		Debug|x64 = Debug|x64
		Debug|x86 = Debug|x86
		Release|Any CPU = Release|Any CPU
		Release|x64 = Release|x64
		Release|x86 = Release|x86
	EndGlobalSection
	GlobalSection(ProjectConfigurationPlatforms) = postSolution
		{A2AF1604-B478-441F-AF74-5546E2F1A05F}.Debug|Any CPU.ActiveCfg = Debug|Any CPU
		{A2AF1604-B478-441F-AF74-5546E2F1A05F}.Debug|Any CPU.Build.0 = Debug|Any CPU
		{A2AF1604-B478-441F-AF74-5546E2F1A05F}.Debug|x64.ActiveCfg = Debug|Any CPU
		{A2AF1604-B478-441F-AF74-5546E2F1A05F}.Debug|x64.Build.0 = Debug|Any CPU
		{A2AF1604-B478-441F-AF74-5546E2F1A05F}.Debug|x86.ActiveCfg = Debug|Any CPU
		{A2AF1604-B478-441F-AF74-5546E2F1A05F}.Debug|x86.Build.0 = Debug|Any CPU
		{A2AF1604-B478-441F-AF74-5546E2F1A05F}.Release|Any CPU.ActiveCfg = Release|Any CPU
		{A2AF1604-B478-441F-AF74-5546E2F1A05F}.Release|Any CPU.Build.0 = Release|Any CPU
		{A2AF1604-B478-441F-AF74-5546E2F1A05F}.Release|x64.ActiveCfg = Release|Any CPU
		{A2AF1604-B478-441F-AF74-5546E2F1A05F}.Release|x64.Build.0 = Release|Any CPU
		{A2AF1604-B478-441F-AF74-5546E2F1A05F}.Release|x86.ActiveCfg = Release|Any CPU
		{A2AF1604-B478-441F-AF74-5546E2F1A05F}.Release|x86.Build.0 = Release|Any CPU
		{2267B8D7-FBC9-42F7-9D49-CAB936C8F47C}.Debug|Any CPU.ActiveCfg = Debug|Any CPU
		{2267B8D7-FBC9-42F7-9D49-CAB936C8F47C}.Debug|Any CPU.Build.0 = Debug|Any CPU
		{2267B8D7-FBC9-42F7-9D49-CAB936C8F47C}.Debug|x64.ActiveCfg = Debug|Any CPU
		{2267B8D7-FBC9-42F7-9D49-CAB936C8F47C}.Debug|x64.Build.0 = Debug|Any CPU
		{2267B8D7-FBC9-42F7-9D49-CAB936C8F47C}.Debug|x86.ActiveCfg = Debug|Any CPU
		{2267B8D7-FBC9-42F7-9D49-CAB936C8F47C}.Debug|x86.Build.0 = Debug|Any CPU
		{2267B8D7-FBC9-42F7-9D49-CAB936C8F47C}.Release|Any CPU.ActiveCfg = Release|Any CPU
		{2267B8D7-FBC9-42F7-9D49-CAB936C8F47C}.Release|Any CPU.Build.0 = Release|Any CPU
		{2267B8D7-FBC9-42F7-9D49-CAB936C8F47C}.Release|x64.ActiveCfg = Release|Any CPU
		{2267B8D7-FBC9-42F7-9D49-CAB936C8F47C}.Release|x64.Build.0 = Release|Any CPU
		{2267B8D7-FBC9-42F7-9D49-CAB936C8F47C}.Release|x86.ActiveCfg = Release|Any CPU
		{2267B8D7-FBC9-42F7-9D49-CAB936C8F47C}.Release|x86.Build.0 = Release|Any CPU
		{5C9BD07D-69F3-4EF1-B6EF-330CD70060B0}.Debug|Any CPU.ActiveCfg = Debug|Any CPU
		{5C9BD07D-69F3-4EF1-B6EF-330CD70060B0}.Debug|Any CPU.Build.0 = Debug|Any CPU
		{5C9BD07D-69F3-4EF1-B6EF-330CD70060B0}.Debug|x64.ActiveCfg = Debug|Any CPU
		{5C9BD07D-69F3-4EF1-B6EF-330CD70060B0}.Debug|x64.Build.0 = Debug|Any CPU
		{5C9BD07D-69F3-4EF1-B6EF-330CD70060B0}.Debug|x86.ActiveCfg = Debug|Any CPU
		{5C9BD07D-69F3-4EF1-B6EF-330CD70060B0}.Debug|x86.Build.0 = Debug|Any CPU
		{5C9BD07D-69F3-4EF1-B6EF-330CD70060B0}.Release|Any CPU.ActiveCfg = Release|Any CPU
		{5C9BD07D-69F3-4EF1-B6EF-330CD70060B0}.Release|Any CPU.Build.0 = Release|Any CPU
		{5C9BD07D-69F3-4EF1-B6EF-330CD70060B0}.Release|x64.ActiveCfg = Release|Any CPU
		{5C9BD07D-69F3-4EF1-B6EF-330CD70060B0}.Release|x64.Build.0 = Release|Any CPU
		{5C9BD07D-69F3-4EF1-B6EF-330CD70060B0}.Release|x86.ActiveCfg = Release|Any CPU
		{5C9BD07D-69F3-4EF1-B6EF-330CD70060B0}.Release|x86.Build.0 = Release|Any CPU
		{6B892023-2B7D-4C96-AD95-68440DA95B47}.Debug|Any CPU.ActiveCfg = Debug|Any CPU
		{6B892023-2B7D-4C96-AD95-68440DA95B47}.Debug|Any CPU.Build.0 = Debug|Any CPU
		{6B892023-2B7D-4C96-AD95-68440DA95B47}.Debug|x64.ActiveCfg = Debug|Any CPU
		{6B892023-2B7D-4C96-AD95-68440DA95B47}.Debug|x64.Build.0 = Debug|Any CPU
		{6B892023-2B7D-4C96-AD95-68440DA95B47}.Debug|x86.ActiveCfg = Debug|Any CPU
		{6B892023-2B7D-4C96-AD95-68440DA95B47}.Debug|x86.Build.0 = Debug|Any CPU
		{6B892023-2B7D-4C96-AD95-68440DA95B47}.Release|Any CPU.ActiveCfg = Release|Any CPU
		{6B892023-2B7D-4C96-AD95-68440DA95B47}.Release|Any CPU.Build.0 = Release|Any CPU
		{6B892023-2B7D-4C96-AD95-68440DA95B47}.Release|x64.ActiveCfg = Release|Any CPU
		{6B892023-2B7D-4C96-AD95-68440DA95B47}.Release|x64.Build.0 = Release|Any CPU
		{6B892023-2B7D-4C96-AD95-68440DA95B47}.Release|x86.ActiveCfg = Release|Any CPU
		{6B892023-2B7D-4C96-AD95-68440DA95B47}.Release|x86.Build.0 = Release|Any CPU
		{8F54DCEF-C062-46EE-9DD7-BC2CAB0752F3}.Debug|Any CPU.ActiveCfg = Debug|Any CPU
		{8F54DCEF-C062-46EE-9DD7-BC2CAB0752F3}.Debug|Any CPU.Build.0 = Debug|Any CPU
		{8F54DCEF-C062-46EE-9DD7-BC2CAB0752F3}.Debug|x64.ActiveCfg = Debug|Any CPU
		{8F54DCEF-C062-46EE-9DD7-BC2CAB0752F3}.Debug|x64.Build.0 = Debug|Any CPU
		{8F54DCEF-C062-46EE-9DD7-BC2CAB0752F3}.Debug|x86.ActiveCfg = Debug|Any CPU
		{8F54DCEF-C062-46EE-9DD7-BC2CAB0752F3}.Debug|x86.Build.0 = Debug|Any CPU
		{8F54DCEF-C062-46EE-9DD7-BC2CAB0752F3}.Release|Any CPU.ActiveCfg = Release|Any CPU
		{8F54DCEF-C062-46EE-9DD7-BC2CAB0752F3}.Release|Any CPU.Build.0 = Release|Any CPU
		{8F54DCEF-C062-46EE-9DD7-BC2CAB0752F3}.Release|x64.ActiveCfg = Release|Any CPU
		{8F54DCEF-C062-46EE-9DD7-BC2CAB0752F3}.Release|x64.Build.0 = Release|Any CPU
		{8F54DCEF-C062-46EE-9DD7-BC2CAB0752F3}.Release|x86.ActiveCfg = Release|Any CPU
		{8F54DCEF-C062-46EE-9DD7-BC2CAB0752F3}.Release|x86.Build.0 = Release|Any CPU
	EndGlobalSection
	GlobalSection(SolutionProperties) = preSolution
		HideSolutionNode = FALSE
	EndGlobalSection
	GlobalSection(NestedProjects) = preSolution
		{A2AF1604-B478-441F-AF74-5546E2F1A05F} = {827E0CD3-B72D-47B6-A68D-7590B98EB39B}
		{2267B8D7-FBC9-42F7-9D49-CAB936C8F47C} = {827E0CD3-B72D-47B6-A68D-7590B98EB39B}
		{5C9BD07D-69F3-4EF1-B6EF-330CD70060B0} = {827E0CD3-B72D-47B6-A68D-7590B98EB39B}
		{6B892023-2B7D-4C96-AD95-68440DA95B47} = {827E0CD3-B72D-47B6-A68D-7590B98EB39B}
		{8F54DCEF-C062-46EE-9DD7-BC2CAB0752F3} = {827E0CD3-B72D-47B6-A68D-7590B98EB39B}
	EndGlobalSection
EndGlobal
